
Microsoft Visual Studio Solution File, Format Version 12.00
# Visual Studio Version 16
VisualStudioVersion = 16.0.31605.320
MinimumVisualStudioVersion = 10.0.40219.1
Project("{9A19103F-16F7-4668-BE54-9A1E7A4F7556}") = "TLPokemon.Api", "TLPokemon.Api\TLPokemon.Api.csproj", "{FD2A840E-5F7F-4939-94BA-3F3B06FE7027}"
EndProject
Project("{FAE04EC0-301F-11D3-BF4B-00C04F79EFBC}") = "TLPokemon.ApiTests", "TLPokemon.ApiTests\TLPokemon.ApiTests.csproj", "{E47E333D-6DA1-4EA8-91A3-7AB51770051D}"
EndProject
Global
	GlobalSection(SolutionConfigurationPlatforms) = preSolution
		Debug|Any CPU = Debug|Any CPU
		Release|Any CPU = Release|Any CPU
	EndGlobalSection
	GlobalSection(ProjectConfigurationPlatforms) = postSolution
		{FD2A840E-5F7F-4939-94BA-3F3B06FE7027}.Debug|Any CPU.ActiveCfg = Debug|Any CPU
		{FD2A840E-5F7F-4939-94BA-3F3B06FE7027}.Debug|Any CPU.Build.0 = Debug|Any CPU
		{FD2A840E-5F7F-4939-94BA-3F3B06FE7027}.Release|Any CPU.ActiveCfg = Release|Any CPU
		{FD2A840E-5F7F-4939-94BA-3F3B06FE7027}.Release|Any CPU.Build.0 = Release|Any CPU
		{E47E333D-6DA1-4EA8-91A3-7AB51770051D}.Debug|Any CPU.ActiveCfg = Debug|Any CPU
		{E47E333D-6DA1-4EA8-91A3-7AB51770051D}.Debug|Any CPU.Build.0 = Debug|Any CPU
		{E47E333D-6DA1-4EA8-91A3-7AB51770051D}.Release|Any CPU.ActiveCfg = Release|Any CPU
		{E47E333D-6DA1-4EA8-91A3-7AB51770051D}.Release|Any CPU.Build.0 = Release|Any CPU
	EndGlobalSection
	GlobalSection(SolutionProperties) = preSolution
		HideSolutionNode = FALSE
	EndGlobalSection
	GlobalSection(ExtensibilityGlobals) = postSolution
		SolutionGuid = {588D382B-B5A4-4D59-AB46-F33B8B07DA29}
	EndGlobalSection
EndGlobal
